
Microsoft Visual Studio Solution File, Format Version 12.00
# Visual Studio 2013
VisualStudioVersion = 12.0.21005.1
MinimumVisualStudioVersion = 10.0.40219.1
Project("{FAE04EC0-301F-11D3-BF4B-00C04F79EFBC}") = "Mvc", "Mvc\Mvc.csproj", "{6B11CA34-B4FC-434F-A614-45680809B9AA}"
EndProject
Project("{FAE04EC0-301F-11D3-BF4B-00C04F79EFBC}") = "UrlRouting", "UrlRouting\UrlRouting.csproj", "{CAB4DE28-8AD6-4AC3-8D65-B6D13D7F4FB7}"
EndProject
Project("{FAE04EC0-301F-11D3-BF4B-00C04F79EFBC}") = "WebApp", "WebApp\WebApp.csproj", "{4E4AB095-BC21-431F-94F2-E6B2D34E9F24}"
EndProject
Global
	GlobalSection(SolutionConfigurationPlatforms) = preSolution
		Debug|Any CPU = Debug|Any CPU
		Release|Any CPU = Release|Any CPU
	EndGlobalSection
	GlobalSection(ProjectConfigurationPlatforms) = postSolution
		{6B11CA34-B4FC-434F-A614-45680809B9AA}.Debug|Any CPU.ActiveCfg = Debug|Any CPU
		{6B11CA34-B4FC-434F-A614-45680809B9AA}.Debug|Any CPU.Build.0 = Debug|Any CPU
		{6B11CA34-B4FC-434F-A614-45680809B9AA}.Release|Any CPU.ActiveCfg = Release|Any CPU
		{6B11CA34-B4FC-434F-A614-45680809B9AA}.Release|Any CPU.Build.0 = Release|Any CPU
		{CAB4DE28-8AD6-4AC3-8D65-B6D13D7F4FB7}.Debug|Any CPU.ActiveCfg = Debug|Any CPU
		{CAB4DE28-8AD6-4AC3-8D65-B6D13D7F4FB7}.Debug|Any CPU.Build.0 = Debug|Any CPU
		{CAB4DE28-8AD6-4AC3-8D65-B6D13D7F4FB7}.Release|Any CPU.ActiveCfg = Release|Any CPU
		{CAB4DE28-8AD6-4AC3-8D65-B6D13D7F4FB7}.Release|Any CPU.Build.0 = Release|Any CPU
		{4E4AB095-BC21-431F-94F2-E6B2D34E9F24}.Debug|Any CPU.ActiveCfg = Debug|Any CPU
		{4E4AB095-BC21-431F-94F2-E6B2D34E9F24}.Debug|Any CPU.Build.0 = Debug|Any CPU
		{4E4AB095-BC21-431F-94F2-E6B2D34E9F24}.Release|Any CPU.ActiveCfg = Release|Any CPU
		{4E4AB095-BC21-431F-94F2-E6B2D34E9F24}.Release|Any CPU.Build.0 = Release|Any CPU
	EndGlobalSection
	GlobalSection(SolutionProperties) = preSolution
		HideSolutionNode = FALSE
	EndGlobalSection
EndGlobal
