
Microsoft Visual Studio Solution File, Format Version 12.00
# Visual Studio 2012
Project("{FAE04EC0-301F-11D3-BF4B-00C04F79EFBC}") = "MvcAdvanced", "MvcAdvanced\MvcAdvanced.csproj", "{C6F3E8B4-16FA-44F5-8FCA-BC267B656EC1}"
EndProject
Global
	GlobalSection(SolutionConfigurationPlatforms) = preSolution
		Debug|Any CPU = Debug|Any CPU
		Release|Any CPU = Release|Any CPU
	EndGlobalSection
	GlobalSection(ProjectConfigurationPlatforms) = postSolution
		{C6F3E8B4-16FA-44F5-8FCA-BC267B656EC1}.Debug|Any CPU.ActiveCfg = Debug|Any CPU
		{C6F3E8B4-16FA-44F5-8FCA-BC267B656EC1}.Debug|Any CPU.Build.0 = Debug|Any CPU
		{C6F3E8B4-16FA-44F5-8FCA-BC267B656EC1}.Release|Any CPU.ActiveCfg = Release|Any CPU
		{C6F3E8B4-16FA-44F5-8FCA-BC267B656EC1}.Release|Any CPU.Build.0 = Release|Any CPU
	EndGlobalSection
	GlobalSection(SolutionProperties) = preSolution
		HideSolutionNode = FALSE
	EndGlobalSection
EndGlobal
